version = 1
revision = 2
requires-python = ">=3.13"

[[package]]
name = "gptokemon"
version = "0.1.0"
source = { virtual = "." }
dependencies = [
    { name = "magichid" },
]

[package.metadata]
requires-dist = [{ name = "magichid", specifier = ">=0.2.1" }]

[[package]]
name = "magichid"
version = "0.2.1"
source = { registry = "https://pypi.org/simple" }
dependencies = [
    { name = "pyserial" },
]
sdist = { url = "https://files.pythonhosted.org/packages/61/2a/e6b0d1996b6677a054d24f7fd1256eac1eba1a45fc8c814c9c6cf3f18b43/magichid-0.2.1.tar.gz", hash = "sha256:639d57de56dfc1a37bab3925bed6cadc69229cb69baa62444321fb4455b74e5a", size = 95919, upload-time = "2026-06-04T02:04:45.047Z" }
wheels = [
    { url = "https://files.pythonhosted.org/packages/71/cf/1e1efe9443e3627d03909539030c9f5457d0d0ccfc4970623b035bbed75a/magichid-0.2.1-py3-none-any.whl", hash = "sha256:5d63bd2c6fdd27da52430f3f315e5111160e35440b2b72e971be6a5ea3046730", size = 82469, upload-time = "2026-06-04T02:04:43.631Z" },
]

[[package]]
name = "pyserial"
version = "3.5"
source = { registry = "https://pypi.org/simple" }
sdist = { url = "https://files.pythonhosted.org/packages/1e/7d/ae3f0a63f41e4d2f6cb66a5b57197850f919f59e558159a4dd3a818f5082/pyserial-3.5.tar.gz", hash = "sha256:3c77e014170dfffbd816e6ffc205e9842efb10be9f58ec16d3e8675b4925cddb", size = 159125, upload-time = "2020-11-23T03:59:15.045Z" }
wheels = [
    { url = "https://files.pythonhosted.org/packages/07/bc/587a445451b253b285629263eb51c2d8e9bcea4fc97826266d186f96f558/pyserial-3.5-py2.py3-none-any.whl", hash = "sha256:c4451db6ba391ca6ca299fb3ec7bae67a5c55dde170964c7a14ceefec02f2cf0", size = 90585, upload-time = "2020-11-23T03:59:13.41Z" },
]
